
Microsoft Visual Studio Solution File, Format Version 12.00
# Visual Studio Version 16
VisualStudioVersion = 16.0.31025.218
MinimumVisualStudioVersion = 10.0.40219.1
Project("{FAE04EC0-301F-11D3-BF4B-00C04F79EFBC}") = "HrBot", "HrBot\HrBot.csproj", "{7F852489-637A-42CA-8738-0D72B9E6120F}"
EndProject
Global
	GlobalSection(SolutionConfigurationPlatforms) = preSolution
		Debug|Any CPU = Debug|Any CPU
		Release|Any CPU = Release|Any CPU
	EndGlobalSection
	GlobalSection(ProjectConfigurationPlatforms) = postSolution
		{7F852489-637A-42CA-8738-0D72B9E6120F}.Debug|Any CPU.ActiveCfg = Debug|Any CPU
		{7F852489-637A-42CA-8738-0D72B9E6120F}.Debug|Any CPU.Build.0 = Debug|Any CPU
		{7F852489-637A-42CA-8738-0D72B9E6120F}.Release|Any CPU.ActiveCfg = Release|Any CPU
		{7F852489-637A-42CA-8738-0D72B9E6120F}.Release|Any CPU.Build.0 = Release|Any CPU
	EndGlobalSection
	GlobalSection(SolutionProperties) = preSolution
		HideSolutionNode = FALSE
	EndGlobalSection
	GlobalSection(ExtensibilityGlobals) = postSolution
		SolutionGuid = {8BF20FBF-F1B2-430D-8B0C-C786B445AF23}
	EndGlobalSection
EndGlobal
